// !$*UTF8*$!
{
	archiveVersion = 1;
	classes = {
	};
	objectVersion = 56;
	objects = {

/* Begin PBXBuildFile section */
		CE056DC02BC13A49003843AF /* AppDelegate.swift in Sources */ = {isa = PBXBuildFile; fileRef = CE056DBF2BC13A49003843AF /* AppDelegate.swift */; };
		CE056DC22BC13A49003843AF /* SceneDelegate.swift in Sources */ = {isa = PBXBuildFile; fileRef = CE056DC12BC13A49003843AF /* SceneDelegate.swift */; };
		CE056DC72BC13A49003843AF /* Chat.storyboard in Resources */ = {isa = PBXBuildFile; fileRef = CE056DC52BC13A49003843AF /* Chat.storyboard */; };
		CE056DC92BC13A4B003843AF /* Assets.xcassets in Resources */ = {isa = PBXBuildFile; fileRef = CE056DC82BC13A4B003843AF /* Assets.xcassets */; };
		CE056DCC2BC13A4B003843AF /* LaunchScreen.storyboard in Resources */ = {isa = PBXBuildFile; fileRef = CE056DCA2BC13A4B003843AF /* LaunchScreen.storyboard */; };
		CE056DD42BC14C74003843AF /* ChatViewController.swift in Sources */ = {isa = PBXBuildFile; fileRef = CE056DD32BC14C73003843AF /* ChatViewController.swift */; };
		CE081CD42BE2352900274456 /* IQKeyboardManagerSwift in Frameworks */ = {isa = PBXBuildFile; productRef = CE081CD32BE2352900274456 /* IQKeyboardManagerSwift */; };
		CE29A1712BE26A4700E34B2F /* MessageBubble.swift in Sources */ = {isa = PBXBuildFile; fileRef = CE29A1702BE26A4700E34B2F /* MessageBubble.swift */; };
		CE5F43CB2BF0C11100165969 /* Onboarding.storyboard in Resources */ = {isa = PBXBuildFile; fileRef = CE5F43CA2BF0C11100165969 /* Onboarding.storyboard */; };
		CE5F43CE2BF0CF1700165969 /* OnBoardingViewController.swift in Sources */ = {isa = PBXBuildFile; fileRef = CE5F43CD2BF0CF1700165969 /* OnBoardingViewController.swift */; };
		CE851F1E2BFF12C40045368E /* GoogleService-Info.plist in Resources */ = {isa = PBXBuildFile; fileRef = CE851F1D2BFF12C40045368E /* GoogleService-Info.plist */; };
		CE851F2D2BFF13490045368E /* FirebaseAuth in Frameworks */ = {isa = PBXBuildFile; productRef = CE851F2C2BFF13490045368E /* FirebaseAuth */; };
		CE851F392BFF13490045368E /* FirebaseFirestore in Frameworks */ = {isa = PBXBuildFile; productRef = CE851F382BFF13490045368E /* FirebaseFirestore */; };
		CE851F5A2C00B50C0045368E /* SignUpViewModel.swift in Sources */ = {isa = PBXBuildFile; fileRef = CE851F592C00B50C0045368E /* SignUpViewModel.swift */; };
		CE851F5C2C00BDE60045368E /* AppConstants.swift in Sources */ = {isa = PBXBuildFile; fileRef = CE851F5B2C00BDE60045368E /* AppConstants.swift */; };
		CE851F7F2C03348A0045368E /* NVActivityIndicatorView in Frameworks */ = {isa = PBXBuildFile; productRef = CE851F7E2C03348A0045368E /* NVActivityIndicatorView */; };
		CE851F812C03348A0045368E /* NVActivityIndicatorViewExtended in Frameworks */ = {isa = PBXBuildFile; productRef = CE851F802C03348A0045368E /* NVActivityIndicatorViewExtended */; };
		CEBD88872BF7366700445644 /* UIKitExtensions.swift in Sources */ = {isa = PBXBuildFile; fileRef = CEBD88862BF7366700445644 /* UIKitExtensions.swift */; };
		CEBD88892BF750AF00445644 /* LoginViewController.swift in Sources */ = {isa = PBXBuildFile; fileRef = CEBD88882BF750AF00445644 /* LoginViewController.swift */; };
		CEBD888C2BF788BF00445644 /* SignUpViewController.swift in Sources */ = {isa = PBXBuildFile; fileRef = CEBD888B2BF788BF00445644 /* SignUpViewController.swift */; };
		CEC76A882BFC6DC70074FFD6 /* AlertMessages.swift in Sources */ = {isa = PBXBuildFile; fileRef = CEC76A872BFC6DC70074FFD6 /* AlertMessages.swift */; };
		CEE7D2E62BE7AC8800549090 /* ChatViewModel.swift in Sources */ = {isa = PBXBuildFile; fileRef = CEE7D2E52BE7AC8800549090 /* ChatViewModel.swift */; };
/* End PBXBuildFile section */

/* Begin PBXFileReference section */
		CE056DBC2BC13A49003843AF /* Let's Chat.app */ = {isa = PBXFileReference; explicitFileType = wrapper.application; includeInIndex = 0; path = "Let's Chat.app"; sourceTree = BUILT_PRODUCTS_DIR; };
		CE056DBF2BC13A49003843AF /* AppDelegate.swift */ = {isa = PBXFileReference; lastKnownFileType = sourcecode.swift; path = AppDelegate.swift; sourceTree = "<group>"; };
		CE056DC12BC13A49003843AF /* SceneDelegate.swift */ = {isa = PBXFileReference; lastKnownFileType = sourcecode.swift; path = SceneDelegate.swift; sourceTree = "<group>"; };
		CE056DC62BC13A49003843AF /* Base */ = {isa = PBXFileReference; lastKnownFileType = file.storyboard; name = Base; path = Base.lproj/Chat.storyboard; sourceTree = "<group>"; };
		CE056DC82BC13A4B003843AF /* Assets.xcassets */ = {isa = PBXFileReference; lastKnownFileType = folder.assetcatalog; path = Assets.xcassets; sourceTree = "<group>"; };
		CE056DCB2BC13A4B003843AF /* Base */ = {isa = PBXFileReference; lastKnownFileType = file.storyboard; name = Base; path = Base.lproj/LaunchScreen.storyboard; sourceTree = "<group>"; };
		CE056DCD2BC13A4B003843AF /* Info.plist */ = {isa = PBXFileReference; lastKnownFileType = text.plist.xml; path = Info.plist; sourceTree = "<group>"; };
		CE056DD32BC14C73003843AF /* ChatViewController.swift */ = {isa = PBXFileReference; lastKnownFileType = sourcecode.swift; path = ChatViewController.swift; sourceTree = "<group>"; };
		CE29A1702BE26A4700E34B2F /* MessageBubble.swift */ = {isa = PBXFileReference; lastKnownFileType = sourcecode.swift; path = MessageBubble.swift; sourceTree = "<group>"; };
		CE5F43CA2BF0C11100165969 /* Onboarding.storyboard */ = {isa = PBXFileReference; lastKnownFileType = file.storyboard; path = Onboarding.storyboard; sourceTree = "<group>"; };
		CE5F43CD2BF0CF1700165969 /* OnBoardingViewController.swift */ = {isa = PBXFileReference; lastKnownFileType = sourcecode.swift; path = OnBoardingViewController.swift; sourceTree = "<group>"; };
		CE851F1D2BFF12C40045368E /* GoogleService-Info.plist */ = {isa = PBXFileReference; fileEncoding = 4; lastKnownFileType = text.plist.xml; path = "GoogleService-Info.plist"; sourceTree = "<group>"; };
		CE851F592C00B50C0045368E /* SignUpViewModel.swift */ = {isa = PBXFileReference; lastKnownFileType = sourcecode.swift; path = SignUpViewModel.swift; sourceTree = "<group>"; };
		CE851F5B2C00BDE60045368E /* AppConstants.swift */ = {isa = PBXFileReference; lastKnownFileType = sourcecode.swift; path = AppConstants.swift; sourceTree = "<group>"; };
		CEBD88862BF7366700445644 /* UIKitExtensions.swift */ = {isa = PBXFileReference; lastKnownFileType = sourcecode.swift; path = UIKitExtensions.swift; sourceTree = "<group>"; };
		CEBD88882BF750AF00445644 /* LoginViewController.swift */ = {isa = PBXFileReference; lastKnownFileType = sourcecode.swift; path = LoginViewController.swift; sourceTree = "<group>"; };
		CEBD888B2BF788BF00445644 /* SignUpViewController.swift */ = {isa = PBXFileReference; lastKnownFileType = sourcecode.swift; path = SignUpViewController.swift; sourceTree = "<group>"; };
		CEC76A872BFC6DC70074FFD6 /* AlertMessages.swift */ = {isa = PBXFileReference; lastKnownFileType = sourcecode.swift; path = AlertMessages.swift; sourceTree = "<group>"; };
		CEE7D2E52BE7AC8800549090 /* ChatViewModel.swift */ = {isa = PBXFileReference; lastKnownFileType = sourcecode.swift; path = ChatViewModel.swift; sourceTree = "<group>"; };
/* End PBXFileReference section */

/* Begin PBXFrameworksBuildPhase section */
		CE056DB92BC13A49003843AF /* Frameworks */ = {
			isa = PBXFrameworksBuildPhase;
			buildActionMask = 2147483647;
			files = (
				CE851F7F2C03348A0045368E /* NVActivityIndicatorView in Frameworks */,
				CE081CD42BE2352900274456 /* IQKeyboardManagerSwift in Frameworks */,
				CE851F2D2BFF13490045368E /* FirebaseAuth in Frameworks */,
				CE851F392BFF13490045368E /* FirebaseFirestore in Frameworks */,
				CE851F812C03348A0045368E /* NVActivityIndicatorViewExtended in Frameworks */,
			);
			runOnlyForDeploymentPostprocessing = 0;
		};
/* End PBXFrameworksBuildPhase section */

/* Begin PBXGroup section */
		CE056DB32BC13A49003843AF = {
			isa = PBXGroup;
			children = (
				CE056DBE2BC13A49003843AF /* Let's Chat */,
				CE056DBD2BC13A49003843AF /* Products */,
			);
			sourceTree = "<group>";
		};
		CE056DBD2BC13A49003843AF /* Products */ = {
			isa = PBXGroup;
			children = (
				CE056DBC2BC13A49003843AF /* Let's Chat.app */,
			);
			name = Products;
			sourceTree = "<group>";
		};
		CE056DBE2BC13A49003843AF /* Let's Chat */ = {
			isa = PBXGroup;
			children = (
				CE056DBF2BC13A49003843AF /* AppDelegate.swift */,
				CE056DC12BC13A49003843AF /* SceneDelegate.swift */,
				CE5F43C92BF0C0D200165969 /* OnBoardingScreen */,
				CE5F43C52BF0B23400165969 /* ChatScreen */,
				CEC76A862BFC6DA10074FFD6 /* Constants */,
				CEBD888A2BF7882D00445644 /* Helper */,
				CE056DC82BC13A4B003843AF /* Assets.xcassets */,
				CE056DCA2BC13A4B003843AF /* LaunchScreen.storyboard */,
				CE056DCD2BC13A4B003843AF /* Info.plist */,
				CE851F1D2BFF12C40045368E /* GoogleService-Info.plist */,
			);
			path = "Let's Chat";
			sourceTree = "<group>";
		};
		CE5F43C52BF0B23400165969 /* ChatScreen */ = {
			isa = PBXGroup;
			children = (
				CE056DC52BC13A49003843AF /* Chat.storyboard */,
				CE5F43C62BF0B25700165969 /* ViewControllers */,
				CE5F43C72BF0B26400165969 /* ViewModels */,
			);
			path = ChatScreen;
			sourceTree = "<group>";
		};
		CE5F43C62BF0B25700165969 /* ViewControllers */ = {
			isa = PBXGroup;
			children = (
				CE5F43C82BF0B29D00165969 /* Cell */,
				CE056DD32BC14C73003843AF /* ChatViewController.swift */,
			);
			path = ViewControllers;
			sourceTree = "<group>";
		};
		CE5F43C72BF0B26400165969 /* ViewModels */ = {
			isa = PBXGroup;
			children = (
				CEE7D2E52BE7AC8800549090 /* ChatViewModel.swift */,
			);
			path = ViewModels;
			sourceTree = "<group>";
		};
		CE5F43C82BF0B29D00165969 /* Cell */ = {
			isa = PBXGroup;
			children = (
				CE29A1702BE26A4700E34B2F /* MessageBubble.swift */,
			);
			path = Cell;
			sourceTree = "<group>";
		};
		CE5F43C92BF0C0D200165969 /* OnBoardingScreen */ = {
			isa = PBXGroup;
			children = (
				CE5F43CA2BF0C11100165969 /* Onboarding.storyboard */,
				CE851F582C00B4DC0045368E /* SignUp */,
				CE5F43CD2BF0CF1700165969 /* OnBoardingViewController.swift */,
				CEBD88882BF750AF00445644 /* LoginViewController.swift */,
			);
			path = OnBoardingScreen;
			sourceTree = "<group>";
		};
		CE851F582C00B4DC0045368E /* SignUp */ = {
			isa = PBXGroup;
			children = (
				CEBD888B2BF788BF00445644 /* SignUpViewController.swift */,
				CE851F592C00B50C0045368E /* SignUpViewModel.swift */,
			);
			path = SignUp;
			sourceTree = "<group>";
		};
		CEBD888A2BF7882D00445644 /* Helper */ = {
			isa = PBXGroup;
			children = (
				CEBD88862BF7366700445644 /* UIKitExtensions.swift */,
			);
			path = Helper;
			sourceTree = "<group>";
		};
		CEC76A862BFC6DA10074FFD6 /* Constants */ = {
			isa = PBXGroup;
			children = (
				CEC76A872BFC6DC70074FFD6 /* AlertMessages.swift */,
				CE851F5B2C00BDE60045368E /* AppConstants.swift */,
			);
			path = Constants;
			sourceTree = "<group>";
		};
/* End PBXGroup section */

/* Begin PBXNativeTarget section */
		CE056DBB2BC13A49003843AF /* Let's Chat */ = {
			isa = PBXNativeTarget;
			buildConfigurationList = CE056DD02BC13A4B003843AF /* Build configuration list for PBXNativeTarget "Let's Chat" */;
			buildPhases = (
				CE056DB82BC13A49003843AF /* Sources */,
				CE056DB92BC13A49003843AF /* Frameworks */,
				CE056DBA2BC13A49003843AF /* Resources */,
			);
			buildRules = (
			);
			dependencies = (
			);
			name = "Let's Chat";
			packageProductDependencies = (
				CE081CD32BE2352900274456 /* IQKeyboardManagerSwift */,
				CE851F2C2BFF13490045368E /* FirebaseAuth */,
				CE851F382BFF13490045368E /* FirebaseFirestore */,
				CE851F7E2C03348A0045368E /* NVActivityIndicatorView */,
				CE851F802C03348A0045368E /* NVActivityIndicatorViewExtended */,
			);
			productName = "Let's Chat";
			productReference = CE056DBC2BC13A49003843AF /* Let's Chat.app */;
			productType = "com.apple.product-type.application";
		};
/* End PBXNativeTarget section */

/* Begin PBXProject section */
		CE056DB42BC13A49003843AF /* Project object */ = {
			isa = PBXProject;
			attributes = {
				BuildIndependentTargetsInParallel = 1;
				LastSwiftUpdateCheck = 1500;
				LastUpgradeCheck = 1500;
				TargetAttributes = {
					CE056DBB2BC13A49003843AF = {
						CreatedOnToolsVersion = 15.0.1;
					};
				};
			};
			buildConfigurationList = CE056DB72BC13A49003843AF /* Build configuration list for PBXProject "Let's Chat" */;
			compatibilityVersion = "Xcode 14.0";
			developmentRegion = en;
			hasScannedForEncodings = 0;
			knownRegions = (
				en,
				Base,
			);
			mainGroup = CE056DB32BC13A49003843AF;
			packageReferences = (
				CE081CD22BE2352900274456 /* XCRemoteSwiftPackageReference "IQKeyboardManager" */,
				CE851F1F2BFF13490045368E /* XCRemoteSwiftPackageReference "firebase-ios-sdk" */,
				CE851F7D2C03348A0045368E /* XCRemoteSwiftPackageReference "NVActivityIndicatorView" */,
			);
			productRefGroup = CE056DBD2BC13A49003843AF /* Products */;
			projectDirPath = "";
			projectRoot = "";
			targets = (
				CE056DBB2BC13A49003843AF /* Let's Chat */,
			);
		};
/* End PBXProject section */

/* Begin PBXResourcesBuildPhase section */
		CE056DBA2BC13A49003843AF /* Resources */ = {
			isa = PBXResourcesBuildPhase;
			buildActionMask = 2147483647;
			files = (
				CE056DCC2BC13A4B003843AF /* LaunchScreen.storyboard in Resources */,
				CE056DC92BC13A4B003843AF /* Assets.xcassets in Resources */,
				CE851F1E2BFF12C40045368E /* GoogleService-Info.plist in Resources */,
				CE056DC72BC13A49003843AF /* Chat.storyboard in Resources */,
				CE5F43CB2BF0C11100165969 /* Onboarding.storyboard in Resources */,
			);
			runOnlyForDeploymentPostprocessing = 0;
		};
/* End PBXResourcesBuildPhase section */

/* Begin PBXSourcesBuildPhase section */
		CE056DB82BC13A49003843AF /* Sources */ = {
			isa = PBXSourcesBuildPhase;
			buildActionMask = 2147483647;
			files = (
				CE056DC02BC13A49003843AF /* AppDelegate.swift in Sources */,
				CE056DD42BC14C74003843AF /* ChatViewController.swift in Sources */,
				CEBD88872BF7366700445644 /* UIKitExtensions.swift in Sources */,
				CE29A1712BE26A4700E34B2F /* MessageBubble.swift in Sources */,
				CEC76A882BFC6DC70074FFD6 /* AlertMessages.swift in Sources */,
				CEBD88892BF750AF00445644 /* LoginViewController.swift in Sources */,
				CE5F43CE2BF0CF1700165969 /* OnBoardingViewController.swift in Sources */,
				CE851F5C2C00BDE60045368E /* AppConstants.swift in Sources */,
				CEBD888C2BF788BF00445644 /* SignUpViewController.swift in Sources */,
				CEE7D2E62BE7AC8800549090 /* ChatViewModel.swift in Sources */,
				CE851F5A2C00B50C0045368E /* SignUpViewModel.swift in Sources */,
				CE056DC22BC13A49003843AF /* SceneDelegate.swift in Sources */,
			);
			runOnlyForDeploymentPostprocessing = 0;
		};
/* End PBXSourcesBuildPhase section */

/* Begin PBXVariantGroup section */
		CE056DC52BC13A49003843AF /* Chat.storyboard */ = {
			isa = PBXVariantGroup;
			children = (
				CE056DC62BC13A49003843AF /* Base */,
			);
			name = Chat.storyboard;
			sourceTree = "<group>";
		};
		CE056DCA2BC13A4B003843AF /* LaunchScreen.storyboard */ = {
			isa = PBXVariantGroup;
			children = (
				CE056DCB2BC13A4B003843AF /* Base */,
			);
			name = LaunchScreen.storyboard;
			sourceTree = "<group>";
		};
/* End PBXVariantGroup section */

/* Begin XCBuildConfiguration section */
		CE056DCE2BC13A4B003843AF /* Debug */ = {
			isa = XCBuildConfiguration;
			buildSettings = {
				ALWAYS_SEARCH_USER_PATHS = NO;
				ASSETCATALOG_COMPILER_GENERATE_SWIFT_ASSET_SYMBOL_EXTENSIONS = YES;
				CLANG_ANALYZER_NONNULL = YES;
				CLANG_ANALYZER_NUMBER_OBJECT_CONVERSION = YES_AGGRESSIVE;
				CLANG_CXX_LANGUAGE_STANDARD = "gnu++20";
				CLANG_ENABLE_MODULES = YES;
				CLANG_ENABLE_OBJC_ARC = YES;
				CLANG_ENABLE_OBJC_WEAK = YES;
				CLANG_WARN_BLOCK_CAPTURE_AUTORELEASING = YES;
				CLANG_WARN_BOOL_CONVERSION = YES;
				CLANG_WARN_COMMA = YES;
				CLANG_WARN_CONSTANT_CONVERSION = YES;
				CLANG_WARN_DEPRECATED_OBJC_IMPLEMENTATIONS = YES;
				CLANG_WARN_DIRECT_OBJC_ISA_USAGE = YES_ERROR;
				CLANG_WARN_DOCUMENTATION_COMMENTS = YES;
				CLANG_WARN_EMPTY_BODY = YES;
				CLANG_WARN_ENUM_CONVERSION = YES;
				CLANG_WARN_INFINITE_RECURSION = YES;
				CLANG_WARN_INT_CONVERSION = YES;
				CLANG_WARN_NON_LITERAL_NULL_CONVERSION = YES;
				CLANG_WARN_OBJC_IMPLICIT_RETAIN_SELF = YES;
				CLANG_WARN_OBJC_LITERAL_CONVERSION = YES;
				CLANG_WARN_OBJC_ROOT_CLASS = YES_ERROR;
				CLANG_WARN_QUOTED_INCLUDE_IN_FRAMEWORK_HEADER = YES;
				CLANG_WARN_RANGE_LOOP_ANALYSIS = YES;
				CLANG_WARN_STRICT_PROTOTYPES = YES;
				CLANG_WARN_SUSPICIOUS_MOVE = YES;
				CLANG_WARN_UNGUARDED_AVAILABILITY = YES_AGGRESSIVE;
				CLANG_WARN_UNREACHABLE_CODE = YES;
				CLANG_WARN__DUPLICATE_METHOD_MATCH = YES;
				COPY_PHASE_STRIP = NO;
				DEBUG_INFORMATION_FORMAT = dwarf;
				ENABLE_STRICT_OBJC_MSGSEND = YES;
				ENABLE_TESTABILITY = YES;
				ENABLE_USER_SCRIPT_SANDBOXING = YES;
				GCC_C_LANGUAGE_STANDARD = gnu17;
				GCC_DYNAMIC_NO_PIC = NO;
				GCC_NO_COMMON_BLOCKS = YES;
				GCC_OPTIMIZATION_LEVEL = 0;
				GCC_PREPROCESSOR_DEFINITIONS = (
					"DEBUG=1",
					"$(inherited)",
				);
				GCC_WARN_64_TO_32_BIT_CONVERSION = YES;
				GCC_WARN_ABOUT_RETURN_TYPE = YES_ERROR;
				GCC_WARN_UNDECLARED_SELECTOR = YES;
				GCC_WARN_UNINITIALIZED_AUTOS = YES_AGGRESSIVE;
				GCC_WARN_UNUSED_FUNCTION = YES;
				GCC_WARN_UNUSED_VARIABLE = YES;
				IPHONEOS_DEPLOYMENT_TARGET = 17.0;
				LOCALIZATION_PREFERS_STRING_CATALOGS = YES;
				MTL_ENABLE_DEBUG_INFO = INCLUDE_SOURCE;
				MTL_FAST_MATH = YES;
				ONLY_ACTIVE_ARCH = YES;
				SDKROOT = iphoneos;
				SWIFT_ACTIVE_COMPILATION_CONDITIONS = "DEBUG $(inherited)";
				SWIFT_OPTIMIZATION_LEVEL = "-Onone";
			};
			name = Debug;
		};
		CE056DCF2BC13A4B003843AF /* Release */ = {
			isa = XCBuildConfiguration;
			buildSettings = {
				ALWAYS_SEARCH_USER_PATHS = NO;
				ASSETCATALOG_COMPILER_GENERATE_SWIFT_ASSET_SYMBOL_EXTENSIONS = YES;
				CLANG_ANALYZER_NONNULL = YES;
				CLANG_ANALYZER_NUMBER_OBJECT_CONVERSION = YES_AGGRESSIVE;
				CLANG_CXX_LANGUAGE_STANDARD = "gnu++20";
				CLANG_ENABLE_MODULES = YES;
				CLANG_ENABLE_OBJC_ARC = YES;
				CLANG_ENABLE_OBJC_WEAK = YES;
				CLANG_WARN_BLOCK_CAPTURE_AUTORELEASING = YES;
				CLANG_WARN_BOOL_CONVERSION = YES;
				CLANG_WARN_COMMA = YES;
				CLANG_WARN_CONSTANT_CONVERSION = YES;
				CLANG_WARN_DEPRECATED_OBJC_IMPLEMENTATIONS = YES;
				CLANG_WARN_DIRECT_OBJC_ISA_USAGE = YES_ERROR;
				CLANG_WARN_DOCUMENTATION_COMMENTS = YES;
				CLANG_WARN_EMPTY_BODY = YES;
				CLANG_WARN_ENUM_CONVERSION = YES;
				CLANG_WARN_INFINITE_RECURSION = YES;
				CLANG_WARN_INT_CONVERSION = YES;
				CLANG_WARN_NON_LITERAL_NULL_CONVERSION = YES;
				CLANG_WARN_OBJC_IMPLICIT_RETAIN_SELF = YES;
				CLANG_WARN_OBJC_LITERAL_CONVERSION = YES;
				CLANG_WARN_OBJC_ROOT_CLASS = YES_ERROR;
				CLANG_WARN_QUOTED_INCLUDE_IN_FRAMEWORK_HEADER = YES;
				CLANG_WARN_RANGE_LOOP_ANALYSIS = YES;
				CLANG_WARN_STRICT_PROTOTYPES = YES;
				CLANG_WARN_SUSPICIOUS_MOVE = YES;
				CLANG_WARN_UNGUARDED_AVAILABILITY = YES_AGGRESSIVE;
				CLANG_WARN_UNREACHABLE_CODE = YES;
				CLANG_WARN__DUPLICATE_METHOD_MATCH = YES;
				COPY_PHASE_STRIP = NO;
				DEBUG_INFORMATION_FORMAT = "dwarf-with-dsym";
				ENABLE_NS_ASSERTIONS = NO;
				ENABLE_STRICT_OBJC_MSGSEND = YES;
				ENABLE_USER_SCRIPT_SANDBOXING = YES;
				GCC_C_LANGUAGE_STANDARD = gnu17;
				GCC_NO_COMMON_BLOCKS = YES;
				GCC_WARN_64_TO_32_BIT_CONVERSION = YES;
				GCC_WARN_ABOUT_RETURN_TYPE = YES_ERROR;
				GCC_WARN_UNDECLARED_SELECTOR = YES;
				GCC_WARN_UNINITIALIZED_AUTOS = YES_AGGRESSIVE;
				GCC_WARN_UNUSED_FUNCTION = YES;
				GCC_WARN_UNUSED_VARIABLE = YES;
				IPHONEOS_DEPLOYMENT_TARGET = 17.0;
				LOCALIZATION_PREFERS_STRING_CATALOGS = YES;
				MTL_ENABLE_DEBUG_INFO = NO;
				MTL_FAST_MATH = YES;
				SDKROOT = iphoneos;
				SWIFT_COMPILATION_MODE = wholemodule;
				VALIDATE_PRODUCT = YES;
			};
			name = Release;
		};
		CE056DD12BC13A4B003843AF /* Debug */ = {
			isa = XCBuildConfiguration;
			buildSettings = {
				ASSETCATALOG_COMPILER_APPICON_NAME = AppIcon;
				ASSETCATALOG_COMPILER_GLOBAL_ACCENT_COLOR_NAME = AccentColor;
				CODE_SIGN_STYLE = Automatic;
				CURRENT_PROJECT_VERSION = 1;
				GENERATE_INFOPLIST_FILE = YES;
				INFOPLIST_FILE = "Let's Chat/Info.plist";
				INFOPLIST_KEY_UIApplicationSupportsIndirectInputEvents = YES;
				INFOPLIST_KEY_UILaunchStoryboardName = LaunchScreen;
				INFOPLIST_KEY_UIMainStoryboardFile = Chat;
				INFOPLIST_KEY_UISupportedInterfaceOrientations_iPad = "UIInterfaceOrientationPortrait UIInterfaceOrientationPortraitUpsideDown UIInterfaceOrientationLandscapeLeft UIInterfaceOrientationLandscapeRight";
				INFOPLIST_KEY_UISupportedInterfaceOrientations_iPhone = "UIInterfaceOrientationPortrait UIInterfaceOrientationLandscapeLeft UIInterfaceOrientationLandscapeRight";
				LD_RUNPATH_SEARCH_PATHS = (
					"$(inherited)",
					"@executable_path/Frameworks",
				);
				MARKETING_VERSION = 1.0;
				PRODUCT_BUNDLE_IDENTIFIER = "com.Softprodigy.Let-s-Chat";
				PRODUCT_NAME = "$(TARGET_NAME)";
				SWIFT_EMIT_LOC_STRINGS = YES;
				SWIFT_VERSION = 5.0;
				TARGETED_DEVICE_FAMILY = "1,2";
			};
			name = Debug;
		};
		CE056DD22BC13A4B003843AF /* Release */ = {
			isa = XCBuildConfiguration;
			buildSettings = {
				ASSETCATALOG_COMPILER_APPICON_NAME = AppIcon;
				ASSETCATALOG_COMPILER_GLOBAL_ACCENT_COLOR_NAME = AccentColor;
				CODE_SIGN_STYLE = Automatic;
				CURRENT_PROJECT_VERSION = 1;
				GENERATE_INFOPLIST_FILE = YES;
				INFOPLIST_FILE = "Let's Chat/Info.plist";
				INFOPLIST_KEY_UIApplicationSupportsIndirectInputEvents = YES;
				INFOPLIST_KEY_UILaunchStoryboardName = LaunchScreen;
				INFOPLIST_KEY_UIMainStoryboardFile = Chat;
				INFOPLIST_KEY_UISupportedInterfaceOrientations_iPad = "UIInterfaceOrientationPortrait UIInterfaceOrientationPortraitUpsideDown UIInterfaceOrientationLandscapeLeft UIInterfaceOrientationLandscapeRight";
				INFOPLIST_KEY_UISupportedInterfaceOrientations_iPhone = "UIInterfaceOrientationPortrait UIInterfaceOrientationLandscapeLeft UIInterfaceOrientationLandscapeRight";
				LD_RUNPATH_SEARCH_PATHS = (
					"$(inherited)",
					"@executable_path/Frameworks",
				);
				MARKETING_VERSION = 1.0;
				PRODUCT_BUNDLE_IDENTIFIER = "com.Softprodigy.Let-s-Chat";
				PRODUCT_NAME = "$(TARGET_NAME)";
				SWIFT_EMIT_LOC_STRINGS = YES;
				SWIFT_VERSION = 5.0;
				TARGETED_DEVICE_FAMILY = "1,2";
			};
			name = Release;
		};
/* End XCBuildConfiguration section */

/* Begin XCConfigurationList section */
		CE056DB72BC13A49003843AF /* Build configuration list for PBXProject "Let's Chat" */ = {
			isa = XCConfigurationList;
			buildConfigurations = (
				CE056DCE2BC13A4B003843AF /* Debug */,
				CE056DCF2BC13A4B003843AF /* Release */,
			);
			defaultConfigurationIsVisible = 0;
			defaultConfigurationName = Release;
		};
		CE056DD02BC13A4B003843AF /* Build configuration list for PBXNativeTarget "Let's Chat" */ = {
			isa = XCConfigurationList;
			buildConfigurations = (
				CE056DD12BC13A4B003843AF /* Debug */,
				CE056DD22BC13A4B003843AF /* Release */,
			);
			defaultConfigurationIsVisible = 0;
			defaultConfigurationName = Release;
		};
/* End XCConfigurationList section */

/* Begin XCRemoteSwiftPackageReference section */
		CE081CD22BE2352900274456 /* XCRemoteSwiftPackageReference "IQKeyboardManager" */ = {
			isa = XCRemoteSwiftPackageReference;
			repositoryURL = "https://github.com/hackiftekhar/IQKeyboardManager.git";
			requirement = {
				kind = upToNextMajorVersion;
				minimumVersion = 7.0.2;
			};
		};
		CE851F1F2BFF13490045368E /* XCRemoteSwiftPackageReference "firebase-ios-sdk" */ = {
			isa = XCRemoteSwiftPackageReference;
			repositoryURL = "https://github.com/firebase/firebase-ios-sdk";
			requirement = {
				kind = upToNextMajorVersion;
				minimumVersion = 10.26.0;
			};
		};
		CE851F7D2C03348A0045368E /* XCRemoteSwiftPackageReference "NVActivityIndicatorView" */ = {
			isa = XCRemoteSwiftPackageReference;
			repositoryURL = "https://github.com/ninjaprox/NVActivityIndicatorView.git";
			requirement = {
				kind = upToNextMajorVersion;
				minimumVersion = 5.2.0;
			};
		};
/* End XCRemoteSwiftPackageReference section */

/* Begin XCSwiftPackageProductDependency section */
		CE081CD32BE2352900274456 /* IQKeyboardManagerSwift */ = {
			isa = XCSwiftPackageProductDependency;
			package = CE081CD22BE2352900274456 /* XCRemoteSwiftPackageReference "IQKeyboardManager" */;
			productName = IQKeyboardManagerSwift;
		};
		CE851F2C2BFF13490045368E /* FirebaseAuth */ = {
			isa = XCSwiftPackageProductDependency;
			package = CE851F1F2BFF13490045368E /* XCRemoteSwiftPackageReference "firebase-ios-sdk" */;
			productName = FirebaseAuth;
		};
		CE851F382BFF13490045368E /* FirebaseFirestore */ = {
			isa = XCSwiftPackageProductDependency;
			package = CE851F1F2BFF13490045368E /* XCRemoteSwiftPackageReference "firebase-ios-sdk" */;
			productName = FirebaseFirestore;
		};
		CE851F7E2C03348A0045368E /* NVActivityIndicatorView */ = {
			isa = XCSwiftPackageProductDependency;
			package = CE851F7D2C03348A0045368E /* XCRemoteSwiftPackageReference "NVActivityIndicatorView" */;
			productName = NVActivityIndicatorView;
		};
		CE851F802C03348A0045368E /* NVActivityIndicatorViewExtended */ = {
			isa = XCSwiftPackageProductDependency;
			package = CE851F7D2C03348A0045368E /* XCRemoteSwiftPackageReference "NVActivityIndicatorView" */;
			productName = NVActivityIndicatorViewExtended;
		};
/* End XCSwiftPackageProductDependency section */
	};
	rootObject = CE056DB42BC13A49003843AF /* Project object */;
}
